
Microsoft Visual Studio Solution File, Format Version 12.00
# Visual Studio Version 16
VisualStudioVersion = 16.0.30804.86
MinimumVisualStudioVersion = 10.0.40219.1
Project("{FAE04EC0-301F-11D3-BF4B-00C04F79EFBC}") = "进程管理器", "进程管理器\进程管理器.csproj", "{8D261957-0F96-46E6-AEBD-75F1333B0E3F}"
EndProject
Global
	GlobalSection(SolutionConfigurationPlatforms) = preSolution
		Debug|Any CPU = Debug|Any CPU
		Release|Any CPU = Release|Any CPU
	EndGlobalSection
	GlobalSection(ProjectConfigurationPlatforms) = postSolution
		{8D261957-0F96-46E6-AEBD-75F1333B0E3F}.Debug|Any CPU.ActiveCfg = Debug|Any CPU
		{8D261957-0F96-46E6-AEBD-75F1333B0E3F}.Debug|Any CPU.Build.0 = Debug|Any CPU
		{8D261957-0F96-46E6-AEBD-75F1333B0E3F}.Release|Any CPU.ActiveCfg = Release|Any CPU
		{8D261957-0F96-46E6-AEBD-75F1333B0E3F}.Release|Any CPU.Build.0 = Release|Any CPU
	EndGlobalSection
	GlobalSection(SolutionProperties) = preSolution
		HideSolutionNode = FALSE
	EndGlobalSection
	GlobalSection(ExtensibilityGlobals) = postSolution
		SolutionGuid = {85DD43E1-34B0-46FD-B40D-053C0C4A157E}
	EndGlobalSection
EndGlobal
